
Microsoft Visual Studio Solution File, Format Version 12.00
# Visual Studio 2013
VisualStudioVersion = 12.0.40629.0
MinimumVisualStudioVersion = 10.0.40219.1
Project("{151D2E53-A2C4-4D7D-83FE-D05416EBD58E}") = "AzureResourceGroup3", "AzureResourceGroup3\AzureResourceGroup3.deployproj", "{917DEC33-DD04-4E4E-8A8C-F61D1E3D7493}"
EndProject
Global
	GlobalSection(SolutionConfigurationPlatforms) = preSolution
		Debug|Any CPU = Debug|Any CPU
		Release|Any CPU = Release|Any CPU
	EndGlobalSection
	GlobalSection(ProjectConfigurationPlatforms) = postSolution
		{917DEC33-DD04-4E4E-8A8C-F61D1E3D7493}.Debug|Any CPU.ActiveCfg = Debug|Any CPU
		{917DEC33-DD04-4E4E-8A8C-F61D1E3D7493}.Debug|Any CPU.Build.0 = Debug|Any CPU
		{917DEC33-DD04-4E4E-8A8C-F61D1E3D7493}.Release|Any CPU.ActiveCfg = Release|Any CPU
		{917DEC33-DD04-4E4E-8A8C-F61D1E3D7493}.Release|Any CPU.Build.0 = Release|Any CPU
	EndGlobalSection
	GlobalSection(SolutionProperties) = preSolution
		HideSolutionNode = FALSE
	EndGlobalSection
EndGlobal
